// !$*UTF8*$!
{
	archiveVersion = 1;
	classes = {
	};
	objectVersion = 77;
	objects = {

/* Begin PBXBuildFile section */
		A10000000000000000000001 /* DiskmanApp.swift in Sources */ = {isa = PBXBuildFile; fileRef = A10000000000000000000021 /* DiskmanApp.swift */; };
		A10000000000000000000002 /* AppDelegate.swift in Sources */ = {isa = PBXBuildFile; fileRef = A10000000000000000000022 /* AppDelegate.swift */; };
		A10000000000000000000003 /* SettingsView.swift in Sources */ = {isa = PBXBuildFile; fileRef = A10000000000000000000023 /* SettingsView.swift */; };
		A1000000000000000000000D /* AboutView.swift in Sources */ = {isa = PBXBuildFile; fileRef = A10000000000000000000026 /* AboutView.swift */; };
		A1000000000000000000000E /* DiskmanAppVisualStyle.swift in Sources */ = {isa = PBXBuildFile; fileRef = A10000000000000000000027 /* DiskmanAppVisualStyle.swift */; };
		A10000000000000000000004 /* DiskmanWidgetsBundle.swift in Sources */ = {isa = PBXBuildFile; fileRef = A10000000000000000000031 /* DiskmanWidgetsBundle.swift */; };
		A10000000000000000000005 /* DiskmanWidget.swift in Sources */ = {isa = PBXBuildFile; fileRef = A10000000000000000000032 /* DiskmanWidget.swift */; };
		A10000000000000000000006 /* DiskmanWidgetView.swift in Sources */ = {isa = PBXBuildFile; fileRef = A10000000000000000000033 /* DiskmanWidgetView.swift */; };
		A1000000000000000000000A /* DiskRingView.swift in Sources */ = {isa = PBXBuildFile; fileRef = A1000000000000000000003B /* DiskRingView.swift */; };
		A1000000000000000000000B /* StorageSegmentBar.swift in Sources */ = {isa = PBXBuildFile; fileRef = A1000000000000000000003C /* StorageSegmentBar.swift */; };
		A1000000000000000000000C /* DiskmanVisualStyle.swift in Sources */ = {isa = PBXBuildFile; fileRef = A1000000000000000000003D /* DiskmanVisualStyle.swift */; };
		A10000000000000000000007 /* DiskmanWidgets.appex in Embed Foundation Extensions */ = {isa = PBXBuildFile; fileRef = A10000000000000000000042 /* DiskmanWidgets.appex */; settings = {ATTRIBUTES = (RemoveHeadersOnCopy, ); }; };
		A10000000000000000000008 /* DiskmanCore in Frameworks */ = {isa = PBXBuildFile; productRef = A10000000000000000000061 /* DiskmanCore */; };
		A10000000000000000000009 /* DiskmanCore in Frameworks */ = {isa = PBXBuildFile; productRef = A10000000000000000000062 /* DiskmanCore */; };
/* End PBXBuildFile section */

/* Begin PBXContainerItemProxy section */
		A10000000000000000000010 /* PBXContainerItemProxy */ = {
			isa = PBXContainerItemProxy;
			containerPortal = A10000000000000000000050 /* Project object */;
			proxyType = 1;
			remoteGlobalIDString = A10000000000000000000052;
			remoteInfo = DiskmanWidgets;
		};
/* End PBXContainerItemProxy section */

/* Begin PBXCopyFilesBuildPhase section */
		A10000000000000000000011 /* Embed Foundation Extensions */ = {
			isa = PBXCopyFilesBuildPhase;
			buildActionMask = 2147483647;
			dstPath = "";
			dstSubfolderSpec = 13;
			files = (
				A10000000000000000000007 /* DiskmanWidgets.appex in Embed Foundation Extensions */,
			);
			name = "Embed Foundation Extensions";
			runOnlyForDeploymentPostprocessing = 0;
		};
/* End PBXCopyFilesBuildPhase section */

/* Begin PBXFileReference section */
		A10000000000000000000020 /* DiskmanApp */ = {isa = PBXFileReference; lastKnownFileType = folder; path = DiskmanApp; sourceTree = "<group>"; };
		A10000000000000000000021 /* DiskmanApp.swift */ = {isa = PBXFileReference; lastKnownFileType = sourcecode.swift; path = DiskmanApp.swift; sourceTree = "<group>"; };
		A10000000000000000000022 /* AppDelegate.swift */ = {isa = PBXFileReference; lastKnownFileType = sourcecode.swift; path = AppDelegate.swift; sourceTree = "<group>"; };
		A10000000000000000000023 /* SettingsView.swift */ = {isa = PBXFileReference; lastKnownFileType = sourcecode.swift; path = SettingsView.swift; sourceTree = "<group>"; };
		A10000000000000000000024 /* Info.plist */ = {isa = PBXFileReference; lastKnownFileType = text.plist.xml; path = Info.plist; sourceTree = "<group>"; };
		A10000000000000000000025 /* DiskmanApp.entitlements */ = {isa = PBXFileReference; lastKnownFileType = text.plist.entitlements; path = DiskmanApp.entitlements; sourceTree = "<group>"; };
		A10000000000000000000026 /* AboutView.swift */ = {isa = PBXFileReference; lastKnownFileType = sourcecode.swift; path = AboutView.swift; sourceTree = "<group>"; };
		A10000000000000000000027 /* DiskmanAppVisualStyle.swift */ = {isa = PBXFileReference; lastKnownFileType = sourcecode.swift; path = DiskmanAppVisualStyle.swift; sourceTree = "<group>"; };
		A10000000000000000000030 /* DiskmanWidgets */ = {isa = PBXFileReference; lastKnownFileType = folder; path = DiskmanWidgets; sourceTree = "<group>"; };
		A10000000000000000000031 /* DiskmanWidgetsBundle.swift */ = {isa = PBXFileReference; lastKnownFileType = sourcecode.swift; path = DiskmanWidgetsBundle.swift; sourceTree = "<group>"; };
		A10000000000000000000032 /* DiskmanWidget.swift */ = {isa = PBXFileReference; lastKnownFileType = sourcecode.swift; path = DiskmanWidget.swift; sourceTree = "<group>"; };
		A10000000000000000000033 /* DiskmanWidgetView.swift */ = {isa = PBXFileReference; lastKnownFileType = sourcecode.swift; path = DiskmanWidgetView.swift; sourceTree = "<group>"; };
		A1000000000000000000003B /* DiskRingView.swift */ = {isa = PBXFileReference; lastKnownFileType = sourcecode.swift; path = DiskRingView.swift; sourceTree = "<group>"; };
		A1000000000000000000003C /* StorageSegmentBar.swift */ = {isa = PBXFileReference; lastKnownFileType = sourcecode.swift; path = StorageSegmentBar.swift; sourceTree = "<group>"; };
		A1000000000000000000003D /* DiskmanVisualStyle.swift */ = {isa = PBXFileReference; lastKnownFileType = sourcecode.swift; path = DiskmanVisualStyle.swift; sourceTree = "<group>"; };
		A10000000000000000000034 /* Info.plist */ = {isa = PBXFileReference; lastKnownFileType = text.plist.xml; path = Info.plist; sourceTree = "<group>"; };
		A10000000000000000000035 /* DiskmanWidgets.entitlements */ = {isa = PBXFileReference; lastKnownFileType = text.plist.entitlements; path = DiskmanWidgets.entitlements; sourceTree = "<group>"; };
		A10000000000000000000036 /* DiskmanCore */ = {isa = PBXFileReference; lastKnownFileType = folder; path = DiskmanCore; sourceTree = "<group>"; };
		A10000000000000000000037 /* README.md */ = {isa = PBXFileReference; lastKnownFileType = net.daringfireball.markdown; path = README.md; sourceTree = "<group>"; };
		A10000000000000000000038 /* info.md */ = {isa = PBXFileReference; lastKnownFileType = net.daringfireball.markdown; path = info.md; sourceTree = "<group>"; };
		A10000000000000000000039 /* roadmap.md */ = {isa = PBXFileReference; lastKnownFileType = net.daringfireball.markdown; path = roadmap.md; sourceTree = "<group>"; };
		A1000000000000000000003A /* LICENSE */ = {isa = PBXFileReference; lastKnownFileType = text; path = LICENSE; sourceTree = "<group>"; };
		A10000000000000000000041 /* Diskman.app */ = {isa = PBXFileReference; explicitFileType = wrapper.application; includeInIndex = 0; path = Diskman.app; sourceTree = BUILT_PRODUCTS_DIR; };
		A10000000000000000000042 /* DiskmanWidgets.appex */ = {isa = PBXFileReference; explicitFileType = "wrapper.app-extension"; includeInIndex = 0; path = DiskmanWidgets.appex; sourceTree = BUILT_PRODUCTS_DIR; };
/* End PBXFileReference section */

/* Begin PBXFrameworksBuildPhase section */
		A10000000000000000000012 /* Frameworks */ = {
			isa = PBXFrameworksBuildPhase;
			buildActionMask = 2147483647;
			files = (
				A10000000000000000000008 /* DiskmanCore in Frameworks */,
			);
			runOnlyForDeploymentPostprocessing = 0;
		};
		A10000000000000000000013 /* Frameworks */ = {
			isa = PBXFrameworksBuildPhase;
			buildActionMask = 2147483647;
			files = (
				A10000000000000000000009 /* DiskmanCore in Frameworks */,
			);
			runOnlyForDeploymentPostprocessing = 0;
		};
/* End PBXFrameworksBuildPhase section */

/* Begin PBXGroup section */
		A10000000000000000000043 /* DiskmanApp */ = {
			isa = PBXGroup;
			children = (
				A10000000000000000000021 /* DiskmanApp.swift */,
				A10000000000000000000022 /* AppDelegate.swift */,
				A10000000000000000000023 /* SettingsView.swift */,
				A10000000000000000000026 /* AboutView.swift */,
				A10000000000000000000027 /* DiskmanAppVisualStyle.swift */,
				A10000000000000000000024 /* Info.plist */,
				A10000000000000000000025 /* DiskmanApp.entitlements */,
			);
			path = DiskmanApp;
			sourceTree = "<group>";
		};
		A10000000000000000000044 /* DiskmanWidgets */ = {
			isa = PBXGroup;
			children = (
				A10000000000000000000031 /* DiskmanWidgetsBundle.swift */,
				A10000000000000000000032 /* DiskmanWidget.swift */,
				A10000000000000000000033 /* DiskmanWidgetView.swift */,
				A1000000000000000000003B /* DiskRingView.swift */,
				A1000000000000000000003C /* StorageSegmentBar.swift */,
				A1000000000000000000003D /* DiskmanVisualStyle.swift */,
				A10000000000000000000034 /* Info.plist */,
				A10000000000000000000035 /* DiskmanWidgets.entitlements */,
			);
			path = DiskmanWidgets;
			sourceTree = "<group>";
		};
		A10000000000000000000045 /* Products */ = {
			isa = PBXGroup;
			children = (
				A10000000000000000000041 /* Diskman.app */,
				A10000000000000000000042 /* DiskmanWidgets.appex */,
			);
			name = Products;
			sourceTree = "<group>";
		};
		A10000000000000000000046 = {
			isa = PBXGroup;
			children = (
				A10000000000000000000043 /* DiskmanApp */,
				A10000000000000000000044 /* DiskmanWidgets */,
				A10000000000000000000036 /* DiskmanCore */,
				A10000000000000000000037 /* README.md */,
				A10000000000000000000038 /* info.md */,
				A10000000000000000000039 /* roadmap.md */,
				A1000000000000000000003A /* LICENSE */,
				A10000000000000000000045 /* Products */,
			);
			sourceTree = "<group>";
		};
/* End PBXGroup section */

/* Begin PBXNativeTarget section */
		A10000000000000000000051 /* DiskmanApp */ = {
			isa = PBXNativeTarget;
			buildConfigurationList = A10000000000000000000071 /* Build configuration list for PBXNativeTarget "DiskmanApp" */;
			buildPhases = (
				A10000000000000000000014 /* Sources */,
				A10000000000000000000012 /* Frameworks */,
				A10000000000000000000015 /* Resources */,
				A10000000000000000000011 /* Embed Foundation Extensions */,
			);
			buildRules = (
			);
			dependencies = (
				A10000000000000000000016 /* PBXTargetDependency */,
			);
			name = DiskmanApp;
			packageProductDependencies = (
				A10000000000000000000061 /* DiskmanCore */,
			);
			productName = Diskman;
			productReference = A10000000000000000000041 /* Diskman.app */;
			productType = "com.apple.product-type.application";
		};
		A10000000000000000000052 /* DiskmanWidgets */ = {
			isa = PBXNativeTarget;
			buildConfigurationList = A10000000000000000000072 /* Build configuration list for PBXNativeTarget "DiskmanWidgets" */;
			buildPhases = (
				A10000000000000000000017 /* Sources */,
				A10000000000000000000013 /* Frameworks */,
				A10000000000000000000018 /* Resources */,
			);
			buildRules = (
			);
			dependencies = (
			);
			name = DiskmanWidgets;
			packageProductDependencies = (
				A10000000000000000000062 /* DiskmanCore */,
			);
			productName = DiskmanWidgets;
			productReference = A10000000000000000000042 /* DiskmanWidgets.appex */;
			productType = "com.apple.product-type.app-extension";
		};
/* End PBXNativeTarget section */

/* Begin PBXProject section */
		A10000000000000000000050 /* Project object */ = {
			isa = PBXProject;
			attributes = {
				BuildIndependentTargetsInParallel = 1;
				LastSwiftUpdateCheck = 2660;
				LastUpgradeCheck = 2660;
				TargetAttributes = {
					A10000000000000000000051 = {
						CreatedOnToolsVersion = 26.6;
					};
					A10000000000000000000052 = {
						CreatedOnToolsVersion = 26.6;
					};
				};
			};
			buildConfigurationList = A10000000000000000000070 /* Build configuration list for PBXProject "Diskman" */;
			developmentRegion = en;
			hasScannedForEncodings = 0;
			knownRegions = (
				en,
				pl,
				Base,
			);
			mainGroup = A10000000000000000000046;
			minimizedProjectReferenceProxies = 1;
			packageReferences = (
				A10000000000000000000060 /* XCLocalSwiftPackageReference "DiskmanCore" */,
			);
			preferredProjectObjectVersion = 77;
			productRefGroup = A10000000000000000000045 /* Products */;
			projectDirPath = "";
			projectRoot = "";
			targets = (
				A10000000000000000000051 /* DiskmanApp */,
				A10000000000000000000052 /* DiskmanWidgets */,
			);
		};
/* End PBXProject section */

/* Begin PBXResourcesBuildPhase section */
		A10000000000000000000015 /* Resources */ = {
			isa = PBXResourcesBuildPhase;
			buildActionMask = 2147483647;
			files = (
			);
			runOnlyForDeploymentPostprocessing = 0;
		};
		A10000000000000000000018 /* Resources */ = {
			isa = PBXResourcesBuildPhase;
			buildActionMask = 2147483647;
			files = (
			);
			runOnlyForDeploymentPostprocessing = 0;
		};
/* End PBXResourcesBuildPhase section */

/* Begin PBXSourcesBuildPhase section */
		A10000000000000000000014 /* Sources */ = {
			isa = PBXSourcesBuildPhase;
			buildActionMask = 2147483647;
			files = (
				A10000000000000000000002 /* AppDelegate.swift in Sources */,
				A1000000000000000000000D /* AboutView.swift in Sources */,
				A10000000000000000000001 /* DiskmanApp.swift in Sources */,
				A1000000000000000000000E /* DiskmanAppVisualStyle.swift in Sources */,
				A10000000000000000000003 /* SettingsView.swift in Sources */,
			);
			runOnlyForDeploymentPostprocessing = 0;
		};
		A10000000000000000000017 /* Sources */ = {
			isa = PBXSourcesBuildPhase;
			buildActionMask = 2147483647;
			files = (
				A10000000000000000000004 /* DiskmanWidgetsBundle.swift in Sources */,
				A10000000000000000000005 /* DiskmanWidget.swift in Sources */,
				A10000000000000000000006 /* DiskmanWidgetView.swift in Sources */,
				A1000000000000000000000A /* DiskRingView.swift in Sources */,
				A1000000000000000000000B /* StorageSegmentBar.swift in Sources */,
				A1000000000000000000000C /* DiskmanVisualStyle.swift in Sources */,
			);
			runOnlyForDeploymentPostprocessing = 0;
		};
/* End PBXSourcesBuildPhase section */

/* Begin PBXTargetDependency section */
		A10000000000000000000016 /* PBXTargetDependency */ = {
			isa = PBXTargetDependency;
			target = A10000000000000000000052 /* DiskmanWidgets */;
			targetProxy = A10000000000000000000010 /* PBXContainerItemProxy */;
		};
/* End PBXTargetDependency section */

/* Begin XCBuildConfiguration section */
		A10000000000000000000080 /* Debug */ = {
			isa = XCBuildConfiguration;
			buildSettings = {
				CLANG_ANALYZER_NONNULL = YES;
				CLANG_ANALYZER_NUMBER_OBJECT_CONVERSION = YES_AGGRESSIVE;
				CLANG_CXX_LANGUAGE_STANDARD = "gnu++20";
				CLANG_ENABLE_MODULES = YES;
				CLANG_ENABLE_OBJC_ARC = YES;
				CLANG_ENABLE_OBJC_WEAK = YES;
				CLANG_WARN_BLOCK_CAPTURE_AUTORELEASING = YES;
				CLANG_WARN_BOOL_CONVERSION = YES;
				CLANG_WARN_COMMA = YES;
				CLANG_WARN_CONSTANT_CONVERSION = YES;
				CLANG_WARN_DEPRECATED_OBJC_IMPLEMENTATIONS = YES;
				CLANG_WARN_DIRECT_OBJC_ISA_USAGE = YES_ERROR;
				CLANG_WARN_DOCUMENTATION_COMMENTS = YES;
				CLANG_WARN_EMPTY_BODY = YES;
				CLANG_WARN_ENUM_CONVERSION = YES;
				CLANG_WARN_INFINITE_RECURSION = YES;
				CLANG_WARN_INT_CONVERSION = YES;
				CLANG_WARN_NON_LITERAL_NULL_CONVERSION = YES;
				CLANG_WARN_OBJC_IMPLICIT_RETAIN_SELF = YES;
				CLANG_WARN_OBJC_LITERAL_CONVERSION = YES;
				CLANG_WARN_OBJC_ROOT_CLASS = YES_ERROR;
				CLANG_WARN_QUOTED_INCLUDE_IN_FRAMEWORK_HEADER = YES;
				CLANG_WARN_RANGE_LOOP_ANALYSIS = YES;
				CLANG_WARN_STRICT_PROTOTYPES = YES;
				CLANG_WARN_SUSPICIOUS_MOVE = YES;
				CLANG_WARN_UNGUARDED_AVAILABILITY = YES_AGGRESSIVE;
				CLANG_WARN_UNREACHABLE_CODE = YES;
				CLANG_WARN__DUPLICATE_METHOD_MATCH = YES;
				COPY_PHASE_STRIP = NO;
				DEBUG_INFORMATION_FORMAT = dwarf;
				ENABLE_STRICT_OBJC_MSGSEND = YES;
				ENABLE_TESTABILITY = YES;
				ENABLE_USER_SCRIPT_SANDBOXING = YES;
				GCC_C_LANGUAGE_STANDARD = gnu17;
				GCC_DYNAMIC_NO_PIC = NO;
				GCC_NO_COMMON_BLOCKS = YES;
				GCC_OPTIMIZATION_LEVEL = 0;
				GCC_PREPROCESSOR_DEFINITIONS = (
					"DEBUG=1",
					"$(inherited)",
				);
				GCC_WARN_64_TO_32_BIT_CONVERSION = YES;
				GCC_WARN_ABOUT_RETURN_TYPE = YES_ERROR;
				GCC_WARN_UNDECLARED_SELECTOR = YES;
				GCC_WARN_UNINITIALIZED_AUTOS = YES_AGGRESSIVE;
				GCC_WARN_UNUSED_FUNCTION = YES;
				GCC_WARN_UNUSED_VARIABLE = YES;
				LOCALIZATION_PREFERS_STRING_CATALOGS = YES;
				MACOSX_DEPLOYMENT_TARGET = 26.0;
				MTL_ENABLE_DEBUG_INFO = INCLUDE_SOURCE;
				MTL_FAST_MATH = YES;
				ONLY_ACTIVE_ARCH = YES;
				SDKROOT = macosx;
				SWIFT_ACTIVE_COMPILATION_CONDITIONS = "DEBUG $(inherited)";
				SWIFT_EMIT_LOC_STRINGS = YES;
				SWIFT_VERSION = 6.0;
			};
			name = Debug;
		};
		A10000000000000000000081 /* Release */ = {
			isa = XCBuildConfiguration;
			buildSettings = {
				CLANG_ANALYZER_NONNULL = YES;
				CLANG_ANALYZER_NUMBER_OBJECT_CONVERSION = YES_AGGRESSIVE;
				CLANG_CXX_LANGUAGE_STANDARD = "gnu++20";
				CLANG_ENABLE_MODULES = YES;
				CLANG_ENABLE_OBJC_ARC = YES;
				CLANG_ENABLE_OBJC_WEAK = YES;
				CLANG_WARN_BLOCK_CAPTURE_AUTORELEASING = YES;
				CLANG_WARN_BOOL_CONVERSION = YES;
				CLANG_WARN_COMMA = YES;
				CLANG_WARN_CONSTANT_CONVERSION = YES;
				CLANG_WARN_DEPRECATED_OBJC_IMPLEMENTATIONS = YES;
				CLANG_WARN_DIRECT_OBJC_ISA_USAGE = YES_ERROR;
				CLANG_WARN_DOCUMENTATION_COMMENTS = YES;
				CLANG_WARN_EMPTY_BODY = YES;
				CLANG_WARN_ENUM_CONVERSION = YES;
				CLANG_WARN_INFINITE_RECURSION = YES;
				CLANG_WARN_INT_CONVERSION = YES;
				CLANG_WARN_NON_LITERAL_NULL_CONVERSION = YES;
				CLANG_WARN_OBJC_IMPLICIT_RETAIN_SELF = YES;
				CLANG_WARN_OBJC_LITERAL_CONVERSION = YES;
				CLANG_WARN_OBJC_ROOT_CLASS = YES_ERROR;
				CLANG_WARN_QUOTED_INCLUDE_IN_FRAMEWORK_HEADER = YES;
				CLANG_WARN_RANGE_LOOP_ANALYSIS = YES;
				CLANG_WARN_STRICT_PROTOTYPES = YES;
				CLANG_WARN_SUSPICIOUS_MOVE = YES;
				CLANG_WARN_UNGUARDED_AVAILABILITY = YES_AGGRESSIVE;
				CLANG_WARN_UNREACHABLE_CODE = YES;
				CLANG_WARN__DUPLICATE_METHOD_MATCH = YES;
				COPY_PHASE_STRIP = NO;
				DEBUG_INFORMATION_FORMAT = "dwarf-with-dsym";
				ENABLE_NS_ASSERTIONS = NO;
				ENABLE_STRICT_OBJC_MSGSEND = YES;
				ENABLE_USER_SCRIPT_SANDBOXING = YES;
				GCC_C_LANGUAGE_STANDARD = gnu17;
				GCC_NO_COMMON_BLOCKS = YES;
				GCC_WARN_64_TO_32_BIT_CONVERSION = YES;
				GCC_WARN_ABOUT_RETURN_TYPE = YES_ERROR;
				GCC_WARN_UNDECLARED_SELECTOR = YES;
				GCC_WARN_UNINITIALIZED_AUTOS = YES_AGGRESSIVE;
				GCC_WARN_UNUSED_FUNCTION = YES;
				GCC_WARN_UNUSED_VARIABLE = YES;
				LOCALIZATION_PREFERS_STRING_CATALOGS = YES;
				MACOSX_DEPLOYMENT_TARGET = 26.0;
				MTL_ENABLE_DEBUG_INFO = NO;
				MTL_FAST_MATH = YES;
				SDKROOT = macosx;
				SWIFT_COMPILATION_MODE = wholemodule;
				SWIFT_EMIT_LOC_STRINGS = YES;
				SWIFT_VERSION = 6.0;
			};
			name = Release;
		};
		A10000000000000000000082 /* Debug */ = {
			isa = XCBuildConfiguration;
			buildSettings = {
				CODE_SIGN_ENTITLEMENTS = DiskmanApp/DiskmanApp.entitlements;
				CODE_SIGN_STYLE = Automatic;
				COMBINE_HIDPI_IMAGES = YES;
				CURRENT_PROJECT_VERSION = 1;
				ENABLE_HARDENED_RUNTIME = YES;
				GENERATE_INFOPLIST_FILE = NO;
				INFOPLIST_FILE = DiskmanApp/Info.plist;
				LD_RUNPATH_SEARCH_PATHS = (
					"$(inherited)",
					"@executable_path/../Frameworks",
				);
				MARKETING_VERSION = 0.1.0;
				PRODUCT_BUNDLE_IDENTIFIER = com.zzzielinski.diskman;
				PRODUCT_NAME = Diskman;
				SKIP_INSTALL = NO;
				SUPPORTED_PLATFORMS = macosx;
				SWIFT_VERSION = 6.0;
			};
			name = Debug;
		};
		A10000000000000000000083 /* Release */ = {
			isa = XCBuildConfiguration;
			buildSettings = {
				CODE_SIGN_ENTITLEMENTS = DiskmanApp/DiskmanApp.entitlements;
				CODE_SIGN_STYLE = Automatic;
				COMBINE_HIDPI_IMAGES = YES;
				CURRENT_PROJECT_VERSION = 1;
				ENABLE_HARDENED_RUNTIME = YES;
				GENERATE_INFOPLIST_FILE = NO;
				INFOPLIST_FILE = DiskmanApp/Info.plist;
				LD_RUNPATH_SEARCH_PATHS = (
					"$(inherited)",
					"@executable_path/../Frameworks",
				);
				MARKETING_VERSION = 0.1.0;
				PRODUCT_BUNDLE_IDENTIFIER = com.zzzielinski.diskman;
				PRODUCT_NAME = Diskman;
				SKIP_INSTALL = NO;
				SUPPORTED_PLATFORMS = macosx;
				SWIFT_VERSION = 6.0;
			};
			name = Release;
		};
		A10000000000000000000084 /* Debug */ = {
			isa = XCBuildConfiguration;
			buildSettings = {
				APPLICATION_EXTENSION_API_ONLY = YES;
				CODE_SIGN_ENTITLEMENTS = DiskmanWidgets/DiskmanWidgets.entitlements;
				CODE_SIGN_STYLE = Automatic;
				COMBINE_HIDPI_IMAGES = YES;
				CURRENT_PROJECT_VERSION = 1;
				GENERATE_INFOPLIST_FILE = NO;
				INFOPLIST_FILE = DiskmanWidgets/Info.plist;
				LD_RUNPATH_SEARCH_PATHS = (
					"$(inherited)",
					"@executable_path/../Frameworks",
					"@executable_path/../../../../Frameworks",
				);
				MARKETING_VERSION = 0.1.0;
				PRODUCT_BUNDLE_IDENTIFIER = com.zzzielinski.diskman.widgets;
				PRODUCT_NAME = DiskmanWidgets;
				SKIP_INSTALL = YES;
				SUPPORTED_PLATFORMS = macosx;
				SWIFT_VERSION = 6.0;
			};
			name = Debug;
		};
		A10000000000000000000085 /* Release */ = {
			isa = XCBuildConfiguration;
			buildSettings = {
				APPLICATION_EXTENSION_API_ONLY = YES;
				CODE_SIGN_ENTITLEMENTS = DiskmanWidgets/DiskmanWidgets.entitlements;
				CODE_SIGN_STYLE = Automatic;
				COMBINE_HIDPI_IMAGES = YES;
				CURRENT_PROJECT_VERSION = 1;
				GENERATE_INFOPLIST_FILE = NO;
				INFOPLIST_FILE = DiskmanWidgets/Info.plist;
				LD_RUNPATH_SEARCH_PATHS = (
					"$(inherited)",
					"@executable_path/../Frameworks",
					"@executable_path/../../../../Frameworks",
				);
				MARKETING_VERSION = 0.1.0;
				PRODUCT_BUNDLE_IDENTIFIER = com.zzzielinski.diskman.widgets;
				PRODUCT_NAME = DiskmanWidgets;
				SKIP_INSTALL = YES;
				SUPPORTED_PLATFORMS = macosx;
				SWIFT_VERSION = 6.0;
			};
			name = Release;
		};
/* End XCBuildConfiguration section */

/* Begin XCConfigurationList section */
		A10000000000000000000070 /* Build configuration list for PBXProject "Diskman" */ = {
			isa = XCConfigurationList;
			buildConfigurations = (
				A10000000000000000000080 /* Debug */,
				A10000000000000000000081 /* Release */,
			);
			defaultConfigurationIsVisible = 0;
			defaultConfigurationName = Release;
		};
		A10000000000000000000071 /* Build configuration list for PBXNativeTarget "DiskmanApp" */ = {
			isa = XCConfigurationList;
			buildConfigurations = (
				A10000000000000000000082 /* Debug */,
				A10000000000000000000083 /* Release */,
			);
			defaultConfigurationIsVisible = 0;
			defaultConfigurationName = Release;
		};
		A10000000000000000000072 /* Build configuration list for PBXNativeTarget "DiskmanWidgets" */ = {
			isa = XCConfigurationList;
			buildConfigurations = (
				A10000000000000000000084 /* Debug */,
				A10000000000000000000085 /* Release */,
			);
			defaultConfigurationIsVisible = 0;
			defaultConfigurationName = Release;
		};
/* End XCConfigurationList section */

/* Begin XCLocalSwiftPackageReference section */
		A10000000000000000000060 /* XCLocalSwiftPackageReference "DiskmanCore" */ = {
			isa = XCLocalSwiftPackageReference;
			relativePath = DiskmanCore;
		};
/* End XCLocalSwiftPackageReference section */

/* Begin XCSwiftPackageProductDependency section */
		A10000000000000000000061 /* DiskmanCore */ = {
			isa = XCSwiftPackageProductDependency;
			package = A10000000000000000000060 /* XCLocalSwiftPackageReference "DiskmanCore" */;
			productName = DiskmanCore;
		};
		A10000000000000000000062 /* DiskmanCore */ = {
			isa = XCSwiftPackageProductDependency;
			package = A10000000000000000000060 /* XCLocalSwiftPackageReference "DiskmanCore" */;
			productName = DiskmanCore;
		};
/* End XCSwiftPackageProductDependency section */
	};
	rootObject = A10000000000000000000050 /* Project object */;
}
